
Microsoft Visual Studio Solution File, Format Version 12.00
Project("{FAE04EC0-301F-11D3-BF4B-00C04F79EFBC}") = "AtbashPro", "AtbashPro.csproj", "{C2B50C03-D407-4170-91C2-6C76F35AFD6A}"
EndProject
Global
	GlobalSection(SolutionConfigurationPlatforms) = preSolution
		Debug|Any CPU = Debug|Any CPU
		Release|Any CPU = Release|Any CPU
	EndGlobalSection
	GlobalSection(ProjectConfigurationPlatforms) = postSolution
		{C2B50C03-D407-4170-91C2-6C76F35AFD6A}.Debug|Any CPU.ActiveCfg = Debug|Any CPU
		{C2B50C03-D407-4170-91C2-6C76F35AFD6A}.Debug|Any CPU.Build.0 = Debug|Any CPU
		{C2B50C03-D407-4170-91C2-6C76F35AFD6A}.Release|Any CPU.ActiveCfg = Release|Any CPU
		{C2B50C03-D407-4170-91C2-6C76F35AFD6A}.Release|Any CPU.Build.0 = Release|Any CPU
	EndGlobalSection
EndGlobal
